
Microsoft Visual Studio Solution File, Format Version 12.00
# Visual Studio Version 16
VisualStudioVersion = 16.0.30717.126
MinimumVisualStudioVersion = 10.0.40219.1
Project("{FAE04EC0-301F-11D3-BF4B-00C04F79EFBC}") = "ListasSimplementeLigadas", "ListasSimplementeLigadas\ListasSimplementeLigadas.csproj", "{2D048079-4062-49DD-A5A3-A2733BFC497C}"
EndProject
Global
	GlobalSection(SolutionConfigurationPlatforms) = preSolution
		Debug|Any CPU = Debug|Any CPU
		Release|Any CPU = Release|Any CPU
	EndGlobalSection
	GlobalSection(ProjectConfigurationPlatforms) = postSolution
		{2D048079-4062-49DD-A5A3-A2733BFC497C}.Debug|Any CPU.ActiveCfg = Debug|Any CPU
		{2D048079-4062-49DD-A5A3-A2733BFC497C}.Debug|Any CPU.Build.0 = Debug|Any CPU
		{2D048079-4062-49DD-A5A3-A2733BFC497C}.Release|Any CPU.ActiveCfg = Release|Any CPU
		{2D048079-4062-49DD-A5A3-A2733BFC497C}.Release|Any CPU.Build.0 = Release|Any CPU
	EndGlobalSection
	GlobalSection(SolutionProperties) = preSolution
		HideSolutionNode = FALSE
	EndGlobalSection
	GlobalSection(ExtensibilityGlobals) = postSolution
		SolutionGuid = {B1534645-B8DD-458C-BC26-921208D1BB31}
	EndGlobalSection
EndGlobal
